
Microsoft Visual Studio Solution File, Format Version 12.00
# Visual Studio Version 17
VisualStudioVersion = 17.0.32112.339
MinimumVisualStudioVersion = 10.0.40219.1
Project("{9A19103F-16F7-4668-BE54-9A1E7A4F7556}") = "SimpleTrader.Domain", "SImpleTrader.Domain\SimpleTrader.Domain.csproj", "{043F20E2-1AE8-435A-A10B-D6BE2FB2074F}"
EndProject
Project("{9A19103F-16F7-4668-BE54-9A1E7A4F7556}") = "SimpleTrader.WPF", "SimpleTrader.WPF\SimpleTrader.WPF.csproj", "{BAA92BC4-986B-446D-A56D-1F16A964650C}"
EndProject
Project("{9A19103F-16F7-4668-BE54-9A1E7A4F7556}") = "SimpleTrader.EF", "SimpleTrader.EF\SimpleTrader.EF.csproj", "{C44E62AE-D6B0-4066-BB24-5C3623BF1C8F}"
EndProject
Project("{9A19103F-16F7-4668-BE54-9A1E7A4F7556}") = "SimpleTrader.API", "SimpleTrader.API\SimpleTrader.API.csproj", "{5275E2C5-6CC2-418B-8F1F-D9907A147DE5}"
EndProject
Project("{FAE04EC0-301F-11D3-BF4B-00C04F79EFBC}") = "SimpleTrader.Domain.Test", "SimpleTrader.Domain.Test\SimpleTrader.Domain.Test.csproj", "{B594A8DF-DA09-47E4-9B8D-513B6A215E82}"
EndProject
Global
	GlobalSection(SolutionConfigurationPlatforms) = preSolution
		Debug|Any CPU = Debug|Any CPU
		Release|Any CPU = Release|Any CPU
	EndGlobalSection
	GlobalSection(ProjectConfigurationPlatforms) = postSolution
		{043F20E2-1AE8-435A-A10B-D6BE2FB2074F}.Debug|Any CPU.ActiveCfg = Debug|Any CPU
		{043F20E2-1AE8-435A-A10B-D6BE2FB2074F}.Debug|Any CPU.Build.0 = Debug|Any CPU
		{043F20E2-1AE8-435A-A10B-D6BE2FB2074F}.Release|Any CPU.ActiveCfg = Release|Any CPU
		{043F20E2-1AE8-435A-A10B-D6BE2FB2074F}.Release|Any CPU.Build.0 = Release|Any CPU
		{BAA92BC4-986B-446D-A56D-1F16A964650C}.Debug|Any CPU.ActiveCfg = Debug|Any CPU
		{BAA92BC4-986B-446D-A56D-1F16A964650C}.Debug|Any CPU.Build.0 = Debug|Any CPU
		{BAA92BC4-986B-446D-A56D-1F16A964650C}.Release|Any CPU.ActiveCfg = Release|Any CPU
		{BAA92BC4-986B-446D-A56D-1F16A964650C}.Release|Any CPU.Build.0 = Release|Any CPU
		{C44E62AE-D6B0-4066-BB24-5C3623BF1C8F}.Debug|Any CPU.ActiveCfg = Debug|Any CPU
		{C44E62AE-D6B0-4066-BB24-5C3623BF1C8F}.Debug|Any CPU.Build.0 = Debug|Any CPU
		{C44E62AE-D6B0-4066-BB24-5C3623BF1C8F}.Release|Any CPU.ActiveCfg = Release|Any CPU
		{C44E62AE-D6B0-4066-BB24-5C3623BF1C8F}.Release|Any CPU.Build.0 = Release|Any CPU
		{5275E2C5-6CC2-418B-8F1F-D9907A147DE5}.Debug|Any CPU.ActiveCfg = Debug|Any CPU
		{5275E2C5-6CC2-418B-8F1F-D9907A147DE5}.Debug|Any CPU.Build.0 = Debug|Any CPU
		{5275E2C5-6CC2-418B-8F1F-D9907A147DE5}.Release|Any CPU.ActiveCfg = Release|Any CPU
		{5275E2C5-6CC2-418B-8F1F-D9907A147DE5}.Release|Any CPU.Build.0 = Release|Any CPU
		{B594A8DF-DA09-47E4-9B8D-513B6A215E82}.Debug|Any CPU.ActiveCfg = Debug|Any CPU
		{B594A8DF-DA09-47E4-9B8D-513B6A215E82}.Debug|Any CPU.Build.0 = Debug|Any CPU
		{B594A8DF-DA09-47E4-9B8D-513B6A215E82}.Release|Any CPU.ActiveCfg = Release|Any CPU
		{B594A8DF-DA09-47E4-9B8D-513B6A215E82}.Release|Any CPU.Build.0 = Release|Any CPU
	EndGlobalSection
	GlobalSection(SolutionProperties) = preSolution
		HideSolutionNode = FALSE
	EndGlobalSection
	GlobalSection(ExtensibilityGlobals) = postSolution
		SolutionGuid = {F0A226AA-4433-46D7-9BC0-33497A6413F4}
	EndGlobalSection
EndGlobal
